
Microsoft Visual Studio Solution File, Format Version 12.00
# Visual Studio 14
VisualStudioVersion = 14.0.24720.0
MinimumVisualStudioVersion = 10.0.40219.1
Project("{FAE04EC0-301F-11D3-BF4B-00C04F79EFBC}") = "StudentsRegister", "StudentsRegister\StudentsRegister.csproj", "{D99C67A0-05BD-4100-B6D1-7E8D19E809A2}"
EndProject
Project("{FAE04EC0-301F-11D3-BF4B-00C04F79EFBC}") = "StudentsRegister.Tests", "StudentsRegister.Tests\StudentsRegister.Tests.csproj", "{3DBA4D28-47E0-423C-BDCE-CD514505A147}"
EndProject
Global
	GlobalSection(SolutionConfigurationPlatforms) = preSolution
		Debug|Any CPU = Debug|Any CPU
		Release|Any CPU = Release|Any CPU
	EndGlobalSection
	GlobalSection(ProjectConfigurationPlatforms) = postSolution
		{D99C67A0-05BD-4100-B6D1-7E8D19E809A2}.Debug|Any CPU.ActiveCfg = Debug|Any CPU
		{D99C67A0-05BD-4100-B6D1-7E8D19E809A2}.Debug|Any CPU.Build.0 = Debug|Any CPU
		{D99C67A0-05BD-4100-B6D1-7E8D19E809A2}.Release|Any CPU.ActiveCfg = Release|Any CPU
		{D99C67A0-05BD-4100-B6D1-7E8D19E809A2}.Release|Any CPU.Build.0 = Release|Any CPU
		{3DBA4D28-47E0-423C-BDCE-CD514505A147}.Debug|Any CPU.ActiveCfg = Debug|Any CPU
		{3DBA4D28-47E0-423C-BDCE-CD514505A147}.Debug|Any CPU.Build.0 = Debug|Any CPU
		{3DBA4D28-47E0-423C-BDCE-CD514505A147}.Release|Any CPU.ActiveCfg = Release|Any CPU
		{3DBA4D28-47E0-423C-BDCE-CD514505A147}.Release|Any CPU.Build.0 = Release|Any CPU
	EndGlobalSection
	GlobalSection(SolutionProperties) = preSolution
		HideSolutionNode = FALSE
	EndGlobalSection
EndGlobal
